hash: 4e2823f3784df0e689ccca414d5e31466c8667be6f2fa4e067826282a795680c
updated: 2018-08-13T19:07:21.940607951-04:00
imports:
- name: github.com/ContinentalBreakfast17/seriard
  version: b556a8455d07e58b9693f2b88abfac07498d1031
- name: github.com/mikepb/go-serial
  version: d5134cecf05a3bb1adc5b6449c9280a2d1078530
- name: github.com/zserge/webview
  version: 161f899c0deafc1de8a85a5386e3e380510eb204
testImports: []
