hash: 4e2823f3784df0e689ccca414d5e31466c8667be6f2fa4e067826282a795680c
updated: 2018-09-08T19:32:55.987956649-04:00
imports:
- name: github.com/ContinentalBreakfast17/seriard
  version: bfde945da2a072a1017ab34ca5bca8718c5814fb
- name: github.com/mikepb/go-serial
  version: d5134cecf05a3bb1adc5b6449c9280a2d1078530
- name: github.com/zserge/webview
  version: 24af6cb9b33b3a10dce44188aec0c1646247d830
testImports: []
